
Microsoft Visual Studio Solution File, Format Version 12.00
# Visual Studio 2013
VisualStudioVersion = 12.0.30723.0
MinimumVisualStudioVersion = 10.0.40219.1
Project("{FAE04EC0-301F-11D3-BF4B-00C04F79EFBC}") = "AsyncDemo", "AsyncDemo\AsyncDemo.csproj", "{88373CAF-8D24-4915-8794-43A9DFE7D67F}"
EndProject
Project("{FAE04EC0-301F-11D3-BF4B-00C04F79EFBC}") = "MoqTestingDemo", "MoqTestingDemo\MoqTestingDemo.csproj", "{32021FD4-95C4-404B-9FB2-2F463A178462}"
EndProject
Project("{FAE04EC0-301F-11D3-BF4B-00C04F79EFBC}") = "TestCase", "TestCase\TestCase.csproj", "{FB6FD351-221B-4949-ACE5-A1F54B7F4377}"
EndProject
Global
	GlobalSection(SolutionConfigurationPlatforms) = preSolution
		Debug|Any CPU = Debug|Any CPU
		Release|Any CPU = Release|Any CPU
	EndGlobalSection
	GlobalSection(ProjectConfigurationPlatforms) = postSolution
		{88373CAF-8D24-4915-8794-43A9DFE7D67F}.Debug|Any CPU.ActiveCfg = Debug|Any CPU
		{88373CAF-8D24-4915-8794-43A9DFE7D67F}.Debug|Any CPU.Build.0 = Debug|Any CPU
		{88373CAF-8D24-4915-8794-43A9DFE7D67F}.Release|Any CPU.ActiveCfg = Release|Any CPU
		{88373CAF-8D24-4915-8794-43A9DFE7D67F}.Release|Any CPU.Build.0 = Release|Any CPU
		{32021FD4-95C4-404B-9FB2-2F463A178462}.Debug|Any CPU.ActiveCfg = Debug|Any CPU
		{32021FD4-95C4-404B-9FB2-2F463A178462}.Debug|Any CPU.Build.0 = Debug|Any CPU
		{32021FD4-95C4-404B-9FB2-2F463A178462}.Release|Any CPU.ActiveCfg = Release|Any CPU
		{32021FD4-95C4-404B-9FB2-2F463A178462}.Release|Any CPU.Build.0 = Release|Any CPU
		{FB6FD351-221B-4949-ACE5-A1F54B7F4377}.Debug|Any CPU.ActiveCfg = Debug|Any CPU
		{FB6FD351-221B-4949-ACE5-A1F54B7F4377}.Debug|Any CPU.Build.0 = Debug|Any CPU
		{FB6FD351-221B-4949-ACE5-A1F54B7F4377}.Release|Any CPU.ActiveCfg = Release|Any CPU
		{FB6FD351-221B-4949-ACE5-A1F54B7F4377}.Release|Any CPU.Build.0 = Release|Any CPU
	EndGlobalSection
	GlobalSection(SolutionProperties) = preSolution
		HideSolutionNode = FALSE
	EndGlobalSection
EndGlobal
